
Microsoft Visual Studio Solution File, Format Version 12.00
# Visual Studio Version 16
VisualStudioVersion = 16.0.30804.86
MinimumVisualStudioVersion = 10.0.40219.1
Project("{FAE04EC0-301F-11D3-BF4B-00C04F79EFBC}") = "CustomerRegistrationWebAPI", "CustomerRegistrationWebAPI\CustomerRegistrationWebAPI.csproj", "{F291D6AC-49C3-4989-A980-76ABF25C3EA4}"
EndProject
Global
	GlobalSection(SolutionConfigurationPlatforms) = preSolution
		Debug|Any CPU = Debug|Any CPU
		Release|Any CPU = Release|Any CPU
	EndGlobalSection
	GlobalSection(ProjectConfigurationPlatforms) = postSolution
		{F291D6AC-49C3-4989-A980-76ABF25C3EA4}.Debug|Any CPU.ActiveCfg = Debug|Any CPU
		{F291D6AC-49C3-4989-A980-76ABF25C3EA4}.Debug|Any CPU.Build.0 = Debug|Any CPU
		{F291D6AC-49C3-4989-A980-76ABF25C3EA4}.Release|Any CPU.ActiveCfg = Release|Any CPU
		{F291D6AC-49C3-4989-A980-76ABF25C3EA4}.Release|Any CPU.Build.0 = Release|Any CPU
	EndGlobalSection
	GlobalSection(SolutionProperties) = preSolution
		HideSolutionNode = FALSE
	EndGlobalSection
	GlobalSection(ExtensibilityGlobals) = postSolution
		SolutionGuid = {2B10C116-2E93-4C8B-B25D-F0F2BD35DDAD}
	EndGlobalSection
EndGlobal
